
Microsoft Visual Studio Solution File, Format Version 12.00
# Visual Studio 2012
Project("{FAE04EC0-301F-11D3-BF4B-00C04F79EFBC}") = "SandboxService", "SandboxService\SandboxService.csproj", "{ED4BCDD0-F115-4467-AA08-BAA242C2488B}"
EndProject
Project("{FAE04EC0-301F-11D3-BF4B-00C04F79EFBC}") = "CompilerService", "CompilerService\CompilerService.csproj", "{A46595BA-9313-4475-B667-706956964EDD}"
EndProject
Project("{FAE04EC0-301F-11D3-BF4B-00C04F79EFBC}") = "dotcode.lib.common", "dotcode.lib.common\dotcode.lib.common.csproj", "{65A20DFF-E4CD-4B94-8766-5DCBE76B8B96}"
EndProject
Project("{FAE04EC0-301F-11D3-BF4B-00C04F79EFBC}") = "dotcode.tests", "dotcode.tests\dotcode.tests.csproj", "{C725CE56-6FBA-407F-9650-2BB7D3F8175E}"
	ProjectSection(ProjectDependencies) = postProject
		{A46595BA-9313-4475-B667-706956964EDD} = {A46595BA-9313-4475-B667-706956964EDD}
		{ED4BCDD0-F115-4467-AA08-BAA242C2488B} = {ED4BCDD0-F115-4467-AA08-BAA242C2488B}
	EndProjectSection
EndProject
Project("{2150E333-8FDC-42A3-9474-1A3956D46DE8}") = "Sandbox", "Sandbox", "{B6FF2C0C-F3BA-4D5A-BC00-CA6A021594AE}"
EndProject
Project("{2150E333-8FDC-42A3-9474-1A3956D46DE8}") = "Compiler", "Compiler", "{27600AEA-2686-4C0D-B1A5-A101B18E0ABA}"
EndProject
Project("{FAE04EC0-301F-11D3-BF4B-00C04F79EFBC}") = "Sandbox.NET", "..\Sandbox\Sandbox.NET\Sandbox.NET.csproj", "{D2968514-A718-446A-846A-BB06761EFC4E}"
EndProject
Project("{FAE04EC0-301F-11D3-BF4B-00C04F79EFBC}") = "SandboxHost", "..\Sandbox\SandboxHost\SandboxHost.csproj", "{0A8A8AE1-0091-4D2E-B244-29A1697A4458}"
EndProject
Project("{FAE04EC0-301F-11D3-BF4B-00C04F79EFBC}") = "Shared", "..\Sandbox\Shared\Shared.csproj", "{BC2E7DAB-ECAD-41CB-97AD-1192DA0F1E8E}"
EndProject
Project("{FAE04EC0-301F-11D3-BF4B-00C04F79EFBC}") = "dotcode", "dotcode\dotcode.csproj", "{B8DE9E1F-750A-4F98-9B1F-3CB35FEC5E48}"
	ProjectSection(ProjectDependencies) = postProject
		{A46595BA-9313-4475-B667-706956964EDD} = {A46595BA-9313-4475-B667-706956964EDD}
	EndProjectSection
EndProject
Project("{FAE04EC0-301F-11D3-BF4B-00C04F79EFBC}") = "BandwidthThrottle", "..\BandwidthThrottle\BandwidthThrottle.csproj", "{0240C440-B607-4339-989D-57E73F3A9A59}"
EndProject
Project("{FAE04EC0-301F-11D3-BF4B-00C04F79EFBC}") = "Mirrors", "Mirrors\Mirrors.csproj", "{CD9EA7DC-5D6F-4DF1-96EA-15AFE0CE5FA0}"
EndProject
Project("{2150E333-8FDC-42A3-9474-1A3956D46DE8}") = "Data", "Data", "{73AA546B-59B7-4BFC-9CEB-DCB47FB124F5}"
EndProject
Project("{FAE04EC0-301F-11D3-BF4B-00C04F79EFBC}") = "JitJotData", "JitJotData\JitJotData.csproj", "{32F6143B-8969-43CC-BCBD-84D746D5BBB1}"
EndProject
Global
	GlobalSection(SolutionConfigurationPlatforms) = preSolution
		Debug|Any CPU = Debug|Any CPU
		Release|Any CPU = Release|Any CPU
	EndGlobalSection
	GlobalSection(ProjectConfigurationPlatforms) = postSolution
		{ED4BCDD0-F115-4467-AA08-BAA242C2488B}.Debug|Any CPU.ActiveCfg = Debug|Any CPU
		{ED4BCDD0-F115-4467-AA08-BAA242C2488B}.Debug|Any CPU.Build.0 = Debug|Any CPU
		{ED4BCDD0-F115-4467-AA08-BAA242C2488B}.Release|Any CPU.ActiveCfg = Release|Any CPU
		{ED4BCDD0-F115-4467-AA08-BAA242C2488B}.Release|Any CPU.Build.0 = Release|Any CPU
		{A46595BA-9313-4475-B667-706956964EDD}.Debug|Any CPU.ActiveCfg = Debug|Any CPU
		{A46595BA-9313-4475-B667-706956964EDD}.Debug|Any CPU.Build.0 = Debug|Any CPU
		{A46595BA-9313-4475-B667-706956964EDD}.Release|Any CPU.ActiveCfg = Release|Any CPU
		{A46595BA-9313-4475-B667-706956964EDD}.Release|Any CPU.Build.0 = Release|Any CPU
		{65A20DFF-E4CD-4B94-8766-5DCBE76B8B96}.Debug|Any CPU.ActiveCfg = Debug|Any CPU
		{65A20DFF-E4CD-4B94-8766-5DCBE76B8B96}.Debug|Any CPU.Build.0 = Debug|Any CPU
		{65A20DFF-E4CD-4B94-8766-5DCBE76B8B96}.Release|Any CPU.ActiveCfg = Release|Any CPU
		{65A20DFF-E4CD-4B94-8766-5DCBE76B8B96}.Release|Any CPU.Build.0 = Release|Any CPU
		{C725CE56-6FBA-407F-9650-2BB7D3F8175E}.Debug|Any CPU.ActiveCfg = Debug|Any CPU
		{C725CE56-6FBA-407F-9650-2BB7D3F8175E}.Debug|Any CPU.Build.0 = Debug|Any CPU
		{C725CE56-6FBA-407F-9650-2BB7D3F8175E}.Release|Any CPU.ActiveCfg = Release|Any CPU
		{C725CE56-6FBA-407F-9650-2BB7D3F8175E}.Release|Any CPU.Build.0 = Release|Any CPU
		{D2968514-A718-446A-846A-BB06761EFC4E}.Debug|Any CPU.ActiveCfg = Debug|Any CPU
		{D2968514-A718-446A-846A-BB06761EFC4E}.Debug|Any CPU.Build.0 = Debug|Any CPU
		{D2968514-A718-446A-846A-BB06761EFC4E}.Release|Any CPU.ActiveCfg = Release|Any CPU
		{D2968514-A718-446A-846A-BB06761EFC4E}.Release|Any CPU.Build.0 = Release|Any CPU
		{0A8A8AE1-0091-4D2E-B244-29A1697A4458}.Debug|Any CPU.ActiveCfg = Debug|Any CPU
		{0A8A8AE1-0091-4D2E-B244-29A1697A4458}.Debug|Any CPU.Build.0 = Debug|Any CPU
		{0A8A8AE1-0091-4D2E-B244-29A1697A4458}.Release|Any CPU.ActiveCfg = Release|Any CPU
		{0A8A8AE1-0091-4D2E-B244-29A1697A4458}.Release|Any CPU.Build.0 = Release|Any CPU
		{BC2E7DAB-ECAD-41CB-97AD-1192DA0F1E8E}.Debug|Any CPU.ActiveCfg = Debug|Any CPU
		{BC2E7DAB-ECAD-41CB-97AD-1192DA0F1E8E}.Debug|Any CPU.Build.0 = Debug|Any CPU
		{BC2E7DAB-ECAD-41CB-97AD-1192DA0F1E8E}.Release|Any CPU.ActiveCfg = Release|Any CPU
		{BC2E7DAB-ECAD-41CB-97AD-1192DA0F1E8E}.Release|Any CPU.Build.0 = Release|Any CPU
		{B8DE9E1F-750A-4F98-9B1F-3CB35FEC5E48}.Debug|Any CPU.ActiveCfg = Debug|Any CPU
		{B8DE9E1F-750A-4F98-9B1F-3CB35FEC5E48}.Debug|Any CPU.Build.0 = Debug|Any CPU
		{B8DE9E1F-750A-4F98-9B1F-3CB35FEC5E48}.Release|Any CPU.ActiveCfg = Release|Any CPU
		{B8DE9E1F-750A-4F98-9B1F-3CB35FEC5E48}.Release|Any CPU.Build.0 = Release|Any CPU
		{0240C440-B607-4339-989D-57E73F3A9A59}.Debug|Any CPU.ActiveCfg = Debug|Any CPU
		{0240C440-B607-4339-989D-57E73F3A9A59}.Debug|Any CPU.Build.0 = Debug|Any CPU
		{0240C440-B607-4339-989D-57E73F3A9A59}.Release|Any CPU.ActiveCfg = Release|Any CPU
		{0240C440-B607-4339-989D-57E73F3A9A59}.Release|Any CPU.Build.0 = Release|Any CPU
		{CD9EA7DC-5D6F-4DF1-96EA-15AFE0CE5FA0}.Debug|Any CPU.ActiveCfg = Debug|Any CPU
		{CD9EA7DC-5D6F-4DF1-96EA-15AFE0CE5FA0}.Debug|Any CPU.Build.0 = Debug|Any CPU
		{CD9EA7DC-5D6F-4DF1-96EA-15AFE0CE5FA0}.Release|Any CPU.ActiveCfg = Release|Any CPU
		{CD9EA7DC-5D6F-4DF1-96EA-15AFE0CE5FA0}.Release|Any CPU.Build.0 = Release|Any CPU
		{32F6143B-8969-43CC-BCBD-84D746D5BBB1}.Debug|Any CPU.ActiveCfg = Debug|Any CPU
		{32F6143B-8969-43CC-BCBD-84D746D5BBB1}.Debug|Any CPU.Build.0 = Debug|Any CPU
		{32F6143B-8969-43CC-BCBD-84D746D5BBB1}.Release|Any CPU.ActiveCfg = Release|Any CPU
		{32F6143B-8969-43CC-BCBD-84D746D5BBB1}.Release|Any CPU.Build.0 = Release|Any CPU
	EndGlobalSection
	GlobalSection(SolutionProperties) = preSolution
		HideSolutionNode = FALSE
	EndGlobalSection
	GlobalSection(NestedProjects) = preSolution
		{ED4BCDD0-F115-4467-AA08-BAA242C2488B} = {B6FF2C0C-F3BA-4D5A-BC00-CA6A021594AE}
		{D2968514-A718-446A-846A-BB06761EFC4E} = {B6FF2C0C-F3BA-4D5A-BC00-CA6A021594AE}
		{0A8A8AE1-0091-4D2E-B244-29A1697A4458} = {B6FF2C0C-F3BA-4D5A-BC00-CA6A021594AE}
		{BC2E7DAB-ECAD-41CB-97AD-1192DA0F1E8E} = {B6FF2C0C-F3BA-4D5A-BC00-CA6A021594AE}
		{0240C440-B607-4339-989D-57E73F3A9A59} = {B6FF2C0C-F3BA-4D5A-BC00-CA6A021594AE}
		{A46595BA-9313-4475-B667-706956964EDD} = {27600AEA-2686-4C0D-B1A5-A101B18E0ABA}
		{CD9EA7DC-5D6F-4DF1-96EA-15AFE0CE5FA0} = {27600AEA-2686-4C0D-B1A5-A101B18E0ABA}
		{32F6143B-8969-43CC-BCBD-84D746D5BBB1} = {73AA546B-59B7-4BFC-9CEB-DCB47FB124F5}
	EndGlobalSection
	GlobalSection(ExtensibilityGlobals) = postSolution
		VisualSVNWorkingCopyRoot = ..
	EndGlobalSection
EndGlobal
